
Microsoft Visual Studio Solution File, Format Version 12.00
# Visual Studio Version 17
VisualStudioVersion = 17.10.35004.147
MinimumVisualStudioVersion = 10.0.40219.1
Project("{2150E333-8FDC-42A3-9474-1A3956D46DE8}") = "Framework", "Framework", "{9ED20603-3CD8-4469-A20B-424CAB607828}"
EndProject
Project("{9A19103F-16F7-4668-BE54-9A1E7A4F7556}") = "You.Archi.IdGenerator.Redis", "Framework\You.Archi.IdGenerator.Redis\You.Archi.IdGenerator.Redis.csproj", "{0E06B231-D2A2-4FCA-AA8D-E3470013F4A6}"
EndProject
Project("{2150E333-8FDC-42A3-9474-1A3956D46DE8}") = "Test", "Test", "{AA08AAC2-4B39-4BA7-A7E9-7B776CFD43CA}"
EndProject
Project("{9A19103F-16F7-4668-BE54-9A1E7A4F7556}") = "You.Archi.IdGenerator.Memory", "Framework\You.Archi.IdGenerator.Memory\You.Archi.IdGenerator.Memory.csproj", "{02FBAF79-B1CC-45D8-8038-4E8F812CC1DC}"
EndProject
Project("{9A19103F-16F7-4668-BE54-9A1E7A4F7556}") = "IdGeneratorTest", "Test\IdGeneratorTest\IdGeneratorTest.csproj", "{A110F47C-0ECF-45A4-84E2-5B77C968B281}"
EndProject
Project("{9A19103F-16F7-4668-BE54-9A1E7A4F7556}") = "WebApiTest", "Test\WebApiTest\WebApiTest.csproj", "{F0B3BD9C-D0B5-49E8-A1C2-B9EFB8ED2C46}"
EndProject
Project("{9A19103F-16F7-4668-BE54-9A1E7A4F7556}") = "You.Archi", "Framework\You.Archi\You.Archi.csproj", "{5897A82A-2B29-40BE-A8AF-6701301383CD}"
EndProject
Project("{9A19103F-16F7-4668-BE54-9A1E7A4F7556}") = "You.Archi.Json.NewtonsoftJson", "Framework\You.Archi.Json.NewtonsoftJson\You.Archi.Json.NewtonsoftJson.csproj", "{8BD15FD6-D199-4796-BBA3-D9EFB7434887}"
EndProject
Project("{9A19103F-16F7-4668-BE54-9A1E7A4F7556}") = "You.Archi.Json.Abstractions", "Framework\You.Archi.Json.Abstractions\You.Archi.Json.Abstractions.csproj", "{CB118E07-57C2-478D-A800-C835B1796D67}"
EndProject
Project("{9A19103F-16F7-4668-BE54-9A1E7A4F7556}") = "You.Archi.AspNetCore.Mvc.NewtonsoftJson", "Framework\You.Archi.AspNetCore.Mvc.NewtonsoftJson\You.Archi.AspNetCore.Mvc.NewtonsoftJson.csproj", "{3981DE76-7111-4658-81BC-E3F4B1B147BF}"
EndProject
Project("{FAE04EC0-301F-11D3-BF4B-00C04F79EFBC}") = "You.Archi.Moment", "Framework\You.Archi.Moment\You.Archi.Moment.csproj", "{7666CAB1-238B-4B71-BE69-8C298D6CAC5F}"
EndProject
Global
	GlobalSection(SolutionConfigurationPlatforms) = preSolution
		Debug|Any CPU = Debug|Any CPU
		Release|Any CPU = Release|Any CPU
	EndGlobalSection
	GlobalSection(ProjectConfigurationPlatforms) = postSolution
		{0E06B231-D2A2-4FCA-AA8D-E3470013F4A6}.Debug|Any CPU.ActiveCfg = Debug|Any CPU
		{0E06B231-D2A2-4FCA-AA8D-E3470013F4A6}.Debug|Any CPU.Build.0 = Debug|Any CPU
		{0E06B231-D2A2-4FCA-AA8D-E3470013F4A6}.Release|Any CPU.ActiveCfg = Release|Any CPU
		{0E06B231-D2A2-4FCA-AA8D-E3470013F4A6}.Release|Any CPU.Build.0 = Release|Any CPU
		{02FBAF79-B1CC-45D8-8038-4E8F812CC1DC}.Debug|Any CPU.ActiveCfg = Debug|Any CPU
		{02FBAF79-B1CC-45D8-8038-4E8F812CC1DC}.Debug|Any CPU.Build.0 = Debug|Any CPU
		{02FBAF79-B1CC-45D8-8038-4E8F812CC1DC}.Release|Any CPU.ActiveCfg = Release|Any CPU
		{02FBAF79-B1CC-45D8-8038-4E8F812CC1DC}.Release|Any CPU.Build.0 = Release|Any CPU
		{A110F47C-0ECF-45A4-84E2-5B77C968B281}.Debug|Any CPU.ActiveCfg = Debug|Any CPU
		{A110F47C-0ECF-45A4-84E2-5B77C968B281}.Debug|Any CPU.Build.0 = Debug|Any CPU
		{A110F47C-0ECF-45A4-84E2-5B77C968B281}.Release|Any CPU.ActiveCfg = Release|Any CPU
		{A110F47C-0ECF-45A4-84E2-5B77C968B281}.Release|Any CPU.Build.0 = Release|Any CPU
		{F0B3BD9C-D0B5-49E8-A1C2-B9EFB8ED2C46}.Debug|Any CPU.ActiveCfg = Debug|Any CPU
		{F0B3BD9C-D0B5-49E8-A1C2-B9EFB8ED2C46}.Debug|Any CPU.Build.0 = Debug|Any CPU
		{F0B3BD9C-D0B5-49E8-A1C2-B9EFB8ED2C46}.Release|Any CPU.ActiveCfg = Release|Any CPU
		{F0B3BD9C-D0B5-49E8-A1C2-B9EFB8ED2C46}.Release|Any CPU.Build.0 = Release|Any CPU
		{5897A82A-2B29-40BE-A8AF-6701301383CD}.Debug|Any CPU.ActiveCfg = Debug|Any CPU
		{5897A82A-2B29-40BE-A8AF-6701301383CD}.Debug|Any CPU.Build.0 = Debug|Any CPU
		{5897A82A-2B29-40BE-A8AF-6701301383CD}.Release|Any CPU.ActiveCfg = Release|Any CPU
		{5897A82A-2B29-40BE-A8AF-6701301383CD}.Release|Any CPU.Build.0 = Release|Any CPU
		{8BD15FD6-D199-4796-BBA3-D9EFB7434887}.Debug|Any CPU.ActiveCfg = Debug|Any CPU
		{8BD15FD6-D199-4796-BBA3-D9EFB7434887}.Debug|Any CPU.Build.0 = Debug|Any CPU
		{8BD15FD6-D199-4796-BBA3-D9EFB7434887}.Release|Any CPU.ActiveCfg = Release|Any CPU
		{8BD15FD6-D199-4796-BBA3-D9EFB7434887}.Release|Any CPU.Build.0 = Release|Any CPU
		{CB118E07-57C2-478D-A800-C835B1796D67}.Debug|Any CPU.ActiveCfg = Debug|Any CPU
		{CB118E07-57C2-478D-A800-C835B1796D67}.Debug|Any CPU.Build.0 = Debug|Any CPU
		{CB118E07-57C2-478D-A800-C835B1796D67}.Release|Any CPU.ActiveCfg = Release|Any CPU
		{CB118E07-57C2-478D-A800-C835B1796D67}.Release|Any CPU.Build.0 = Release|Any CPU
		{3981DE76-7111-4658-81BC-E3F4B1B147BF}.Debug|Any CPU.ActiveCfg = Debug|Any CPU
		{3981DE76-7111-4658-81BC-E3F4B1B147BF}.Debug|Any CPU.Build.0 = Debug|Any CPU
		{3981DE76-7111-4658-81BC-E3F4B1B147BF}.Release|Any CPU.ActiveCfg = Release|Any CPU
		{3981DE76-7111-4658-81BC-E3F4B1B147BF}.Release|Any CPU.Build.0 = Release|Any CPU
		{7666CAB1-238B-4B71-BE69-8C298D6CAC5F}.Debug|Any CPU.ActiveCfg = Debug|Any CPU
		{7666CAB1-238B-4B71-BE69-8C298D6CAC5F}.Debug|Any CPU.Build.0 = Debug|Any CPU
		{7666CAB1-238B-4B71-BE69-8C298D6CAC5F}.Release|Any CPU.ActiveCfg = Release|Any CPU
		{7666CAB1-238B-4B71-BE69-8C298D6CAC5F}.Release|Any CPU.Build.0 = Release|Any CPU
	EndGlobalSection
	GlobalSection(SolutionProperties) = preSolution
		HideSolutionNode = FALSE
	EndGlobalSection
	GlobalSection(NestedProjects) = preSolution
		{0E06B231-D2A2-4FCA-AA8D-E3470013F4A6} = {9ED20603-3CD8-4469-A20B-424CAB607828}
		{02FBAF79-B1CC-45D8-8038-4E8F812CC1DC} = {9ED20603-3CD8-4469-A20B-424CAB607828}
		{A110F47C-0ECF-45A4-84E2-5B77C968B281} = {AA08AAC2-4B39-4BA7-A7E9-7B776CFD43CA}
		{F0B3BD9C-D0B5-49E8-A1C2-B9EFB8ED2C46} = {AA08AAC2-4B39-4BA7-A7E9-7B776CFD43CA}
		{5897A82A-2B29-40BE-A8AF-6701301383CD} = {9ED20603-3CD8-4469-A20B-424CAB607828}
		{8BD15FD6-D199-4796-BBA3-D9EFB7434887} = {9ED20603-3CD8-4469-A20B-424CAB607828}
		{CB118E07-57C2-478D-A800-C835B1796D67} = {9ED20603-3CD8-4469-A20B-424CAB607828}
		{3981DE76-7111-4658-81BC-E3F4B1B147BF} = {9ED20603-3CD8-4469-A20B-424CAB607828}
		{7666CAB1-238B-4B71-BE69-8C298D6CAC5F} = {9ED20603-3CD8-4469-A20B-424CAB607828}
	EndGlobalSection
	GlobalSection(ExtensibilityGlobals) = postSolution
		SolutionGuid = {597DCC9D-2708-4A73-BBAF-FDC321CBABEB}
	EndGlobalSection
EndGlobal
