
Microsoft Visual Studio Solution File, Format Version 12.00
# Visual Studio Version 17
VisualStudioVersion = 17.10.35004.147
MinimumVisualStudioVersion = 10.0.40219.1
Project("{2150E333-8FDC-42A3-9474-1A3956D46DE8}") = "Framework", "Framework", "{9ED20603-3CD8-4469-A20B-424CAB607828}"
EndProject
Project("{FAE04EC0-301F-11D3-BF4B-00C04F79EFBC}") = "You.Archi.IdGenerator.Redis", "Framework\You.Archi.IdGenerator.Redis\You.Archi.IdGenerator.Redis.csproj", "{0E06B231-D2A2-4FCA-AA8D-E3470013F4A6}"
EndProject
Global
	GlobalSection(SolutionConfigurationPlatforms) = preSolution
		Debug|Any CPU = Debug|Any CPU
		Release|Any CPU = Release|Any CPU
	EndGlobalSection
	GlobalSection(ProjectConfigurationPlatforms) = postSolution
		{0E06B231-D2A2-4FCA-AA8D-E3470013F4A6}.Debug|Any CPU.ActiveCfg = Debug|Any CPU
		{0E06B231-D2A2-4FCA-AA8D-E3470013F4A6}.Debug|Any CPU.Build.0 = Debug|Any CPU
		{0E06B231-D2A2-4FCA-AA8D-E3470013F4A6}.Release|Any CPU.ActiveCfg = Release|Any CPU
		{0E06B231-D2A2-4FCA-AA8D-E3470013F4A6}.Release|Any CPU.Build.0 = Release|Any CPU
	EndGlobalSection
	GlobalSection(SolutionProperties) = preSolution
		HideSolutionNode = FALSE
	EndGlobalSection
	GlobalSection(NestedProjects) = preSolution
		{0E06B231-D2A2-4FCA-AA8D-E3470013F4A6} = {9ED20603-3CD8-4469-A20B-424CAB607828}
	EndGlobalSection
	GlobalSection(ExtensibilityGlobals) = postSolution
		SolutionGuid = {597DCC9D-2708-4A73-BBAF-FDC321CBABEB}
	EndGlobalSection
EndGlobal
